
Microsoft Visual Studio Solution File, Format Version 12.00
# Visual Studio Version 16
VisualStudioVersion = 16.0.30114.105
MinimumVisualStudioVersion = 10.0.40219.1
Project("{FAE04EC0-301F-11D3-BF4B-00C04F79EFBC}") = "RabbitMQConsumer", "RabbitMQConsumer.csproj", "{B954BBF6-9A18-4DEE-8B49-A8FF21082992}"
EndProject
Global
	GlobalSection(SolutionConfigurationPlatforms) = preSolution
		Debug|Any CPU = Debug|Any CPU
		Release|Any CPU = Release|Any CPU
	EndGlobalSection
	GlobalSection(ProjectConfigurationPlatforms) = postSolution
		{B954BBF6-9A18-4DEE-8B49-A8FF21082992}.Debug|Any CPU.ActiveCfg = Debug|Any CPU
		{B954BBF6-9A18-4DEE-8B49-A8FF21082992}.Debug|Any CPU.Build.0 = Debug|Any CPU
		{B954BBF6-9A18-4DEE-8B49-A8FF21082992}.Release|Any CPU.ActiveCfg = Release|Any CPU
		{B954BBF6-9A18-4DEE-8B49-A8FF21082992}.Release|Any CPU.Build.0 = Release|Any CPU
	EndGlobalSection
	GlobalSection(SolutionProperties) = preSolution
		HideSolutionNode = FALSE
	EndGlobalSection
	GlobalSection(ExtensibilityGlobals) = postSolution
		SolutionGuid = {41E9BB9C-21E6-4EDE-8D6B-BDE46FCCB5CA}
	EndGlobalSection
EndGlobal
